
Microsoft Visual Studio Solution File, Format Version 12.00
# Visual Studio Version 16
VisualStudioVersion = 16.0.30114.105
MinimumVisualStudioVersion = 10.0.40219.1
Project("{9A19103F-16F7-4668-BE54-9A1E7A4F7556}") = "WebAPIClient", "WebAPIClient\WebAPIClient.csproj", "{5E91C9F0-2609-42C9-93DD-F38832781ECC}"
EndProject
Project("{9A19103F-16F7-4668-BE54-9A1E7A4F7556}") = "WebAPIBase", "WebAPIBase\WebAPIBase.csproj", "{72944105-D8E1-40F8-8B03-492E980B1F3C}"
EndProject
Global
	GlobalSection(SolutionConfigurationPlatforms) = preSolution
		Debug|Any CPU = Debug|Any CPU
		Release|Any CPU = Release|Any CPU
	EndGlobalSection
	GlobalSection(ProjectConfigurationPlatforms) = postSolution
		{5E91C9F0-2609-42C9-93DD-F38832781ECC}.Debug|Any CPU.ActiveCfg = Debug|Any CPU
		{5E91C9F0-2609-42C9-93DD-F38832781ECC}.Debug|Any CPU.Build.0 = Debug|Any CPU
		{5E91C9F0-2609-42C9-93DD-F38832781ECC}.Release|Any CPU.ActiveCfg = Release|Any CPU
		{5E91C9F0-2609-42C9-93DD-F38832781ECC}.Release|Any CPU.Build.0 = Release|Any CPU
		{72944105-D8E1-40F8-8B03-492E980B1F3C}.Debug|Any CPU.ActiveCfg = Debug|Any CPU
		{72944105-D8E1-40F8-8B03-492E980B1F3C}.Debug|Any CPU.Build.0 = Debug|Any CPU
		{72944105-D8E1-40F8-8B03-492E980B1F3C}.Release|Any CPU.ActiveCfg = Release|Any CPU
		{72944105-D8E1-40F8-8B03-492E980B1F3C}.Release|Any CPU.Build.0 = Release|Any CPU
	EndGlobalSection
	GlobalSection(SolutionProperties) = preSolution
		HideSolutionNode = FALSE
	EndGlobalSection
	GlobalSection(ExtensibilityGlobals) = postSolution
		SolutionGuid = {3B0E5FE6-DD03-44DE-9298-FC2BB01CE4EF}
	EndGlobalSection
EndGlobal
